
Microsoft Visual Studio Solution File, Format Version 12.00
# Visual Studio 15
Project("{FAE04EC0-301F-11D3-BF4B-00C04F79EFBC}") = "Assembly-CSharp", "Assembly-CSharp.csproj", "{9D527E33-C270-C77D-9805-945AD9717695}"
EndProject
Project("{FAE04EC0-301F-11D3-BF4B-00C04F79EFBC}") = "Assembly-CSharp-Editor", "Assembly-CSharp-Editor.csproj", "{6A961BC6-B192-30CA-3D64-34017E09136A}"
EndProject
Global
	GlobalSection(SolutionConfigurationPlatforms) = preSolution
		Debug|Any CPU = Debug|Any CPU
		Release|Any CPU = Release|Any CPU
	EndGlobalSection
	GlobalSection(ProjectConfigurationPlatforms) = postSolution
		{9D527E33-C270-C77D-9805-945AD9717695}.Debug|Any CPU.ActiveCfg = Debug|Any CPU
		{9D527E33-C270-C77D-9805-945AD9717695}.Debug|Any CPU.Build.0 = Debug|Any CPU
		{9D527E33-C270-C77D-9805-945AD9717695}.Release|Any CPU.ActiveCfg = Release|Any CPU
		{9D527E33-C270-C77D-9805-945AD9717695}.Release|Any CPU.Build.0 = Release|Any CPU
		{6A961BC6-B192-30CA-3D64-34017E09136A}.Debug|Any CPU.ActiveCfg = Debug|Any CPU
		{6A961BC6-B192-30CA-3D64-34017E09136A}.Debug|Any CPU.Build.0 = Debug|Any CPU
		{6A961BC6-B192-30CA-3D64-34017E09136A}.Release|Any CPU.ActiveCfg = Release|Any CPU
		{6A961BC6-B192-30CA-3D64-34017E09136A}.Release|Any CPU.Build.0 = Release|Any CPU
	EndGlobalSection
	GlobalSection(SolutionProperties) = preSolution
		HideSolutionNode = FALSE
	EndGlobalSection
EndGlobal
